
Microsoft Visual Studio Solution File, Format Version 12.00
# Visual Studio Version 17
VisualStudioVersion = 17.4.33122.133
MinimumVisualStudioVersion = 10.0.40219.1
Project("{FAE04EC0-301F-11D3-BF4B-00C04F79EFBC}") = "Agrotis", "Agrotis\Agrotis.csproj", "{0953A86C-7050-43B9-8964-E9BB94311788}"
EndProject
Global
	GlobalSection(SolutionConfigurationPlatforms) = preSolution
		Debug|Any CPU = Debug|Any CPU
		Release|Any CPU = Release|Any CPU
	EndGlobalSection
	GlobalSection(ProjectConfigurationPlatforms) = postSolution
		{0953A86C-7050-43B9-8964-E9BB94311788}.Debug|Any CPU.ActiveCfg = Debug|Any CPU
		{0953A86C-7050-43B9-8964-E9BB94311788}.Debug|Any CPU.Build.0 = Debug|Any CPU
		{0953A86C-7050-43B9-8964-E9BB94311788}.Release|Any CPU.ActiveCfg = Release|Any CPU
		{0953A86C-7050-43B9-8964-E9BB94311788}.Release|Any CPU.Build.0 = Release|Any CPU
	EndGlobalSection
	GlobalSection(SolutionProperties) = preSolution
		HideSolutionNode = FALSE
	EndGlobalSection
	GlobalSection(ExtensibilityGlobals) = postSolution
		SolutionGuid = {5034B4F5-EDD3-4B42-B2CC-F6067F7D088D}
	EndGlobalSection
EndGlobal
